{
  "lockfileVersion": 1,
  "configVersion": 1,
  "workspaces": {
    "": {
      "name": "html-to-markdown-bun-test-app",
      "dependencies": {
        "@kreuzberg/html-to-markdown": "^3.6.0-rc.12",
      },
      "devDependencies": {
        "@types/bun": "latest",
      },
    },
  },
  "packages": {
    "@kreuzberg/html-to-markdown": ["@kreuzberg/html-to-markdown@3.6.0-rc.12", "", { "dependencies": { "@kreuzberg/html-to-markdown-node": "3.6.0-rc.12" } }, "sha512-VGDtXLK6fUjfCqAhDWB1EjsEG9IStjFeAvB38LtmIQ9PfSSZEfRqIcD2z7ovvLDNb0JEfYndHFSMIOb8IWlcOw=="],

    "@kreuzberg/html-to-markdown-node": ["@kreuzberg/html-to-markdown-node@3.6.0-rc.12", "", { "optionalDependencies": { "@kreuzberg/html-to-markdown-node-darwin-arm64": "3.6.0-rc.12", "@kreuzberg/html-to-markdown-node-darwin-x64": "3.6.0-rc.12", "@kreuzberg/html-to-markdown-node-linux-arm64-gnu": "3.6.0-rc.12", "@kreuzberg/html-to-markdown-node-linux-arm64-musl": "3.6.0-rc.12", "@kreuzberg/html-to-markdown-node-linux-x64-gnu": "3.6.0-rc.12", "@kreuzberg/html-to-markdown-node-linux-x64-musl": "3.6.0-rc.12", "@kreuzberg/html-to-markdown-node-win32-arm64-msvc": "3.6.0-rc.12", "@kreuzberg/html-to-markdown-node-win32-x64-msvc": "3.6.0-rc.12" } }, "sha512-HDZW551N/N+cVpXbIqfsYOahUaZferafJzE0PFHHxy5Ywek2gNHP9fmvzozzsgp83ReMR4swrYP9s9OlrK6NOA=="],

    "@kreuzberg/html-to-markdown-node-darwin-arm64": ["@kreuzberg/html-to-markdown-node-darwin-arm64@3.6.0-rc.12", "", { "os": "darwin", "cpu": "arm64" }, "sha512-nLHXFycyAaqpZvlEa0K/bGs6j5HHvBWaWXSMEvvwiTEeskxq/3dMc1FiUH4VYmH7X/Dm6cf0C5NA98jqCCiGGw=="],

    "@kreuzberg/html-to-markdown-node-darwin-x64": ["@kreuzberg/html-to-markdown-node-darwin-x64@3.6.0-rc.12", "", { "os": "darwin", "cpu": "x64" }, "sha512-xHhaZo18JHtHiyBhjYR+LphRAXk82/tpb0Dhl47IG00AOZ8cu+TLkIQJKVxYOYqyqScIY+LVh7KbtarKhqm5Kw=="],

    "@kreuzberg/html-to-markdown-node-linux-arm64-gnu": ["@kreuzberg/html-to-markdown-node-linux-arm64-gnu@3.6.0-rc.12", "", { "os": "linux", "cpu": "arm64" }, "sha512-S0g1EWV4qHnM1J7xvqtwBdPE5t3xLfOgMErMX547h/qqB86/52DaHvKdJXiYOk8EJrFgMgUdSF9aJq+nwXl/vw=="],

    "@kreuzberg/html-to-markdown-node-linux-arm64-musl": ["@kreuzberg/html-to-markdown-node-linux-arm64-musl@3.6.0-rc.12", "", { "os": "linux", "cpu": "arm64" }, "sha512-txGagniIzmqmopI0YaFyOYdmIZ5mtG3guyV2QLpQQYj7lgpubDXxFSaSPuWTQvJLQMQ4AUa8EPIMdaoieaUCuw=="],

    "@kreuzberg/html-to-markdown-node-linux-x64-gnu": ["@kreuzberg/html-to-markdown-node-linux-x64-gnu@3.6.0-rc.12", "", { "os": "linux", "cpu": "x64" }, "sha512-V0m3f6jpWGeYUkTYiPXi9b4UZZKY3CrxWhJeWVyDwywIqOFx3jumsS9VQvH/MB7pOrJ9GZaiCP0M2fMSYZ6/kg=="],

    "@kreuzberg/html-to-markdown-node-linux-x64-musl": ["@kreuzberg/html-to-markdown-node-linux-x64-musl@3.6.0-rc.12", "", { "os": "linux", "cpu": "x64" }, "sha512-Uitepg3PKrQZ48nMxhZ2Pvc+78lXeDVXIiHuIWSPLpW0VCOc9wbViE5eHOxQ6E1yNZLy35jioGAaEbtOuFGNsg=="],

    "@kreuzberg/html-to-markdown-node-win32-arm64-msvc": ["@kreuzberg/html-to-markdown-node-win32-arm64-msvc@3.6.0-rc.12", "", { "os": "win32", "cpu": "arm64" }, "sha512-nFGsCRCiTjjMFLrNKAUYA/Lb+1GMdxYIuaNKRTqq/tOLRLtj/bePmY11AXtjXaXOvZGhTgtLCHi509MIjab1IQ=="],

    "@kreuzberg/html-to-markdown-node-win32-x64-msvc": ["@kreuzberg/html-to-markdown-node-win32-x64-msvc@3.6.0-rc.12", "", { "os": "win32", "cpu": "x64" }, "sha512-G/b6tEJ8s4EfUHpEjYWE8taCfKy/D+BGOMfovR6cYYVjPHBOk7xSribAhNIldSgsYoWihAnWkDaUh13c2NybXA=="],

    "@types/bun": ["@types/bun@1.3.14", "", { "dependencies": { "bun-types": "1.3.14" } }, "sha512-h1hFqFVcvAvD9j9K7ZW7vd82aSA+rTdznZa+5bwvCwqSB1jmmfLcbIWhOLx1/+boy/xmjgCs/OMUL8hRJSmnPw=="],

    "@types/node": ["@types/node@25.9.1", "", { "dependencies": { "undici-types": ">=7.24.0 <7.24.7" } }, "sha512-xfrlY7UD5rMJk3ZVJP8BNzS28J36YJg+xp+LPXV1TdWxr8uMH5A860QNxYDGQe/ylDSgjxE52Q9VnO7p75tJxg=="],

    "bun-types": ["bun-types@1.3.14", "", { "dependencies": { "@types/node": "*" } }, "sha512-4N0ig0fEomHt5R0KCFWjovxow98rIoRwKolrYdCcknNwMekCXRnWEUvgu5soYV8QXtVsrUD8B95MBOZGPvr6KQ=="],

    "undici-types": ["undici-types@7.24.6", "", {}, "sha512-WRNW+sJgj5OBN4/0JpHFqtqzhpbnV0GuB+OozA9gCL7a993SmU+1JBZCzLNxYsbMfIeDL+lTsphD5jN5N+n0zg=="],
  }
}
