{
  "lockfileVersion": 1,
  "configVersion": 1,
  "workspaces": {
    "": {
      "name": "html-to-markdown-bun-test-app",
      "dependencies": {
        "@kreuzberg/html-to-markdown": "^3.6.0-rc.25",
      },
      "devDependencies": {
        "@types/bun": "latest",
      },
    },
  },
  "packages": {
    "@kreuzberg/html-to-markdown": ["@kreuzberg/html-to-markdown@3.6.0-rc.25", "", { "dependencies": { "@kreuzberg/html-to-markdown-node": "3.6.0-rc.25" } }, "sha512-9oogOYeGae4BxXo7sk4VQ4lHghZEvW+rNQA+XL3mP4f6h+/eRQPuQmetsI9jT4iJq2IhnE9COdeo55zQpOB4hg=="],

    "@kreuzberg/html-to-markdown-node": ["@kreuzberg/html-to-markdown-node@3.6.0-rc.25", "", { "optionalDependencies": { "@kreuzberg/html-to-markdown-node-darwin-arm64": "3.6.0-rc.25", "@kreuzberg/html-to-markdown-node-darwin-x64": "3.6.0-rc.25", "@kreuzberg/html-to-markdown-node-linux-arm64-gnu": "3.6.0-rc.25", "@kreuzberg/html-to-markdown-node-linux-arm64-musl": "3.6.0-rc.25", "@kreuzberg/html-to-markdown-node-linux-x64-gnu": "3.6.0-rc.25", "@kreuzberg/html-to-markdown-node-linux-x64-musl": "3.6.0-rc.25", "@kreuzberg/html-to-markdown-node-win32-arm64-msvc": "3.6.0-rc.25", "@kreuzberg/html-to-markdown-node-win32-x64-msvc": "3.6.0-rc.25" } }, "sha512-Nn9tGmNITDAPhlxEnyEsRGsfWYwI/S6mMYAP+rC8R3M1QQgKx1qInLFLGxOYdjaMkSutJY2K9yePhchtUNTF9w=="],

    "@kreuzberg/html-to-markdown-node-darwin-arm64": ["@kreuzberg/html-to-markdown-node-darwin-arm64@3.6.0-rc.25", "", { "os": "darwin", "cpu": "arm64" }, "sha512-sw5djWJyZEpdpmGcxbhHBDZ3OmCyXvbpTb6bd2YQg3cgcIliP5Yis0K7GiP2wkmeMEZ3Pk/FyFR2MtSP3vFuUw=="],

    "@kreuzberg/html-to-markdown-node-darwin-x64": ["@kreuzberg/html-to-markdown-node-darwin-x64@3.6.0-rc.25", "", { "os": "darwin", "cpu": "x64" }, "sha512-GIlT3cY+x7jvsK9CqSAtsb0Di9wv30nyTRTeS7r+n0AEG0VlMgHcBGVzgX3rP3q1CBan+HsUwOJYj7Mc+O/08Q=="],

    "@kreuzberg/html-to-markdown-node-linux-arm64-gnu": ["@kreuzberg/html-to-markdown-node-linux-arm64-gnu@3.6.0-rc.25", "", { "os": "linux", "cpu": "arm64" }, "sha512-bs2MRxKQn5wBEjsDyJbjxsWvQzTKENz/Rvd2yY3vDOEOLXiW2HuG2bOogG+a5Yv9j5ecqRRUbK8QUqXVkF2XFg=="],

    "@kreuzberg/html-to-markdown-node-linux-x64-gnu": ["@kreuzberg/html-to-markdown-node-linux-x64-gnu@3.6.0-rc.25", "", { "os": "linux", "cpu": "x64" }, "sha512-nPDqw6m81yMdmbdCA75Hl696phTM8LiQJkLs5Ub/7hdFJxCR0JQ7WGczeurASoNR4GeEcONd63DgW13wLHAQAw=="],

    "@kreuzberg/html-to-markdown-node-win32-arm64-msvc": ["@kreuzberg/html-to-markdown-node-win32-arm64-msvc@3.6.0-rc.25", "", { "os": "win32", "cpu": "arm64" }, "sha512-NBGKZyx67dd8kLIGxLMmW2zvBgy4ze084NruMQAt8M2QS95kv58Ye7uACwujDmx7L7MmaeZ695aGv/i9LnRFbQ=="],

    "@kreuzberg/html-to-markdown-node-win32-x64-msvc": ["@kreuzberg/html-to-markdown-node-win32-x64-msvc@3.6.0-rc.25", "", { "os": "win32", "cpu": "x64" }, "sha512-kpvIaQrEe788+CItMinl7KbizziiT0R6bHSl4rCiQKzt6BDlHrGS9My9GI8iU3Y/CU8I1M68znJ2lCyNwcsAYg=="],

    "@types/bun": ["@types/bun@1.3.14", "", { "dependencies": { "bun-types": "1.3.14" } }, "sha512-h1hFqFVcvAvD9j9K7ZW7vd82aSA+rTdznZa+5bwvCwqSB1jmmfLcbIWhOLx1/+boy/xmjgCs/OMUL8hRJSmnPw=="],

    "@types/node": ["@types/node@25.9.1", "", { "dependencies": { "undici-types": ">=7.24.0 <7.24.7" } }, "sha512-xfrlY7UD5rMJk3ZVJP8BNzS28J36YJg+xp+LPXV1TdWxr8uMH5A860QNxYDGQe/ylDSgjxE52Q9VnO7p75tJxg=="],

    "bun-types": ["bun-types@1.3.14", "", { "dependencies": { "@types/node": "*" } }, "sha512-4N0ig0fEomHt5R0KCFWjovxow98rIoRwKolrYdCcknNwMekCXRnWEUvgu5soYV8QXtVsrUD8B95MBOZGPvr6KQ=="],

    "undici-types": ["undici-types@7.24.6", "", {}, "sha512-WRNW+sJgj5OBN4/0JpHFqtqzhpbnV0GuB+OozA9gCL7a993SmU+1JBZCzLNxYsbMfIeDL+lTsphD5jN5N+n0zg=="],
  }
}
